
Microsoft Visual Studio Solution File, Format Version 12.00
# Visual Studio Version 17
VisualStudioVersion = 17.9.34723.18
MinimumVisualStudioVersion = 10.0.40219.1
Project("{9A19103F-16F7-4668-BE54-9A1E7A4F7556}") = "htmlScores", "htmlScores\htmlScores.csproj", "{5D3E0D06-7349-4F41-8333-73C48FC2CFE4}"
EndProject
Project("{9A19103F-16F7-4668-BE54-9A1E7A4F7556}") = "mjannounce", "mjannounce\mjannounce.csproj", "{C98E4D90-CE43-4947-AFD0-B1F31E977263}"
EndProject
Project("{9A19103F-16F7-4668-BE54-9A1E7A4F7556}") = "mjCmdlineScoring", "mjCmdlineScoring\mjCmdlineScoring.csproj", "{C81E1FC4-3338-4E72-BC01-6FD5508566A2}"
EndProject
Project("{9A19103F-16F7-4668-BE54-9A1E7A4F7556}") = "mjcommon", "mjcommon\mjcommon.csproj", "{CB7CFC53-3250-42ED-9F37-D801E4AD30D5}"
EndProject
Project("{9A19103F-16F7-4668-BE54-9A1E7A4F7556}") = "mjoveralls", "mjoveralls\mjoveralls.csproj", "{18E3AF78-45E4-4EFF-B950-F0D44CACE43E}"
EndProject
Project("{9A19103F-16F7-4668-BE54-9A1E7A4F7556}") = "mjtiming", "mjtiming\mjtiming.csproj", "{1F843C59-A46A-4CAB-9890-441ED723280D}"
EndProject
Project("{9A19103F-16F7-4668-BE54-9A1E7A4F7556}") = "stats", "stats\stats.csproj", "{C06BDA9A-62E2-466B-9E2A-AFAECD8BBBBC}"
EndProject
Project("{9A19103F-16F7-4668-BE54-9A1E7A4F7556}") = "timingGrid", "timingGrid\timingGrid.csproj", "{D61AFF80-C53D-4ED7-8120-397DB6F4B870}"
EndProject
Global
	GlobalSection(SolutionConfigurationPlatforms) = preSolution
		Debug|Any CPU = Debug|Any CPU
		Debug|x86 = Debug|x86
		Release|Any CPU = Release|Any CPU
		Release|x86 = Release|x86
	EndGlobalSection
	GlobalSection(ProjectConfigurationPlatforms) = postSolution
		{5D3E0D06-7349-4F41-8333-73C48FC2CFE4}.Debug|Any CPU.ActiveCfg = Debug|Any CPU
		{5D3E0D06-7349-4F41-8333-73C48FC2CFE4}.Debug|Any CPU.Build.0 = Debug|Any CPU
		{5D3E0D06-7349-4F41-8333-73C48FC2CFE4}.Debug|x86.ActiveCfg = Debug|Any CPU
		{5D3E0D06-7349-4F41-8333-73C48FC2CFE4}.Debug|x86.Build.0 = Debug|Any CPU
		{5D3E0D06-7349-4F41-8333-73C48FC2CFE4}.Release|Any CPU.ActiveCfg = Release|Any CPU
		{5D3E0D06-7349-4F41-8333-73C48FC2CFE4}.Release|Any CPU.Build.0 = Release|Any CPU
		{5D3E0D06-7349-4F41-8333-73C48FC2CFE4}.Release|x86.ActiveCfg = Release|Any CPU
		{5D3E0D06-7349-4F41-8333-73C48FC2CFE4}.Release|x86.Build.0 = Release|Any CPU
		{C98E4D90-CE43-4947-AFD0-B1F31E977263}.Debug|Any CPU.ActiveCfg = Debug|Any CPU
		{C98E4D90-CE43-4947-AFD0-B1F31E977263}.Debug|Any CPU.Build.0 = Debug|Any CPU
		{C98E4D90-CE43-4947-AFD0-B1F31E977263}.Debug|x86.ActiveCfg = Debug|Any CPU
		{C98E4D90-CE43-4947-AFD0-B1F31E977263}.Debug|x86.Build.0 = Debug|Any CPU
		{C98E4D90-CE43-4947-AFD0-B1F31E977263}.Release|Any CPU.ActiveCfg = Release|Any CPU
		{C98E4D90-CE43-4947-AFD0-B1F31E977263}.Release|Any CPU.Build.0 = Release|Any CPU
		{C98E4D90-CE43-4947-AFD0-B1F31E977263}.Release|x86.ActiveCfg = Release|Any CPU
		{C98E4D90-CE43-4947-AFD0-B1F31E977263}.Release|x86.Build.0 = Release|Any CPU
		{C81E1FC4-3338-4E72-BC01-6FD5508566A2}.Debug|Any CPU.ActiveCfg = Debug|Any CPU
		{C81E1FC4-3338-4E72-BC01-6FD5508566A2}.Debug|Any CPU.Build.0 = Debug|Any CPU
		{C81E1FC4-3338-4E72-BC01-6FD5508566A2}.Debug|x86.ActiveCfg = Debug|Any CPU
		{C81E1FC4-3338-4E72-BC01-6FD5508566A2}.Debug|x86.Build.0 = Debug|Any CPU
		{C81E1FC4-3338-4E72-BC01-6FD5508566A2}.Release|Any CPU.ActiveCfg = Release|Any CPU
		{C81E1FC4-3338-4E72-BC01-6FD5508566A2}.Release|Any CPU.Build.0 = Release|Any CPU
		{C81E1FC4-3338-4E72-BC01-6FD5508566A2}.Release|x86.ActiveCfg = Release|Any CPU
		{C81E1FC4-3338-4E72-BC01-6FD5508566A2}.Release|x86.Build.0 = Release|Any CPU
		{CB7CFC53-3250-42ED-9F37-D801E4AD30D5}.Debug|Any CPU.ActiveCfg = Debug|Any CPU
		{CB7CFC53-3250-42ED-9F37-D801E4AD30D5}.Debug|Any CPU.Build.0 = Debug|Any CPU
		{CB7CFC53-3250-42ED-9F37-D801E4AD30D5}.Debug|x86.ActiveCfg = Debug|Any CPU
		{CB7CFC53-3250-42ED-9F37-D801E4AD30D5}.Debug|x86.Build.0 = Debug|Any CPU
		{CB7CFC53-3250-42ED-9F37-D801E4AD30D5}.Release|Any CPU.ActiveCfg = Release|Any CPU
		{CB7CFC53-3250-42ED-9F37-D801E4AD30D5}.Release|Any CPU.Build.0 = Release|Any CPU
		{CB7CFC53-3250-42ED-9F37-D801E4AD30D5}.Release|x86.ActiveCfg = Release|Any CPU
		{CB7CFC53-3250-42ED-9F37-D801E4AD30D5}.Release|x86.Build.0 = Release|Any CPU
		{18E3AF78-45E4-4EFF-B950-F0D44CACE43E}.Debug|Any CPU.ActiveCfg = Debug|Any CPU
		{18E3AF78-45E4-4EFF-B950-F0D44CACE43E}.Debug|Any CPU.Build.0 = Debug|Any CPU
		{18E3AF78-45E4-4EFF-B950-F0D44CACE43E}.Debug|x86.ActiveCfg = Debug|Any CPU
		{18E3AF78-45E4-4EFF-B950-F0D44CACE43E}.Debug|x86.Build.0 = Debug|Any CPU
		{18E3AF78-45E4-4EFF-B950-F0D44CACE43E}.Release|Any CPU.ActiveCfg = Release|Any CPU
		{18E3AF78-45E4-4EFF-B950-F0D44CACE43E}.Release|Any CPU.Build.0 = Release|Any CPU
		{18E3AF78-45E4-4EFF-B950-F0D44CACE43E}.Release|x86.ActiveCfg = Release|Any CPU
		{18E3AF78-45E4-4EFF-B950-F0D44CACE43E}.Release|x86.Build.0 = Release|Any CPU
		{1F843C59-A46A-4CAB-9890-441ED723280D}.Debug|Any CPU.ActiveCfg = Debug|Any CPU
		{1F843C59-A46A-4CAB-9890-441ED723280D}.Debug|Any CPU.Build.0 = Debug|Any CPU
		{1F843C59-A46A-4CAB-9890-441ED723280D}.Debug|x86.ActiveCfg = Debug|Any CPU
		{1F843C59-A46A-4CAB-9890-441ED723280D}.Debug|x86.Build.0 = Debug|Any CPU
		{1F843C59-A46A-4CAB-9890-441ED723280D}.Release|Any CPU.ActiveCfg = Release|Any CPU
		{1F843C59-A46A-4CAB-9890-441ED723280D}.Release|Any CPU.Build.0 = Release|Any CPU
		{1F843C59-A46A-4CAB-9890-441ED723280D}.Release|x86.ActiveCfg = Release|Any CPU
		{1F843C59-A46A-4CAB-9890-441ED723280D}.Release|x86.Build.0 = Release|Any CPU
		{C06BDA9A-62E2-466B-9E2A-AFAECD8BBBBC}.Debug|Any CPU.ActiveCfg = Debug|Any CPU
		{C06BDA9A-62E2-466B-9E2A-AFAECD8BBBBC}.Debug|Any CPU.Build.0 = Debug|Any CPU
		{C06BDA9A-62E2-466B-9E2A-AFAECD8BBBBC}.Debug|x86.ActiveCfg = Debug|Any CPU
		{C06BDA9A-62E2-466B-9E2A-AFAECD8BBBBC}.Debug|x86.Build.0 = Debug|Any CPU
		{C06BDA9A-62E2-466B-9E2A-AFAECD8BBBBC}.Release|Any CPU.ActiveCfg = Release|Any CPU
		{C06BDA9A-62E2-466B-9E2A-AFAECD8BBBBC}.Release|Any CPU.Build.0 = Release|Any CPU
		{C06BDA9A-62E2-466B-9E2A-AFAECD8BBBBC}.Release|x86.ActiveCfg = Release|Any CPU
		{C06BDA9A-62E2-466B-9E2A-AFAECD8BBBBC}.Release|x86.Build.0 = Release|Any CPU
		{D61AFF80-C53D-4ED7-8120-397DB6F4B870}.Debug|Any CPU.ActiveCfg = Debug|Any CPU
		{D61AFF80-C53D-4ED7-8120-397DB6F4B870}.Debug|Any CPU.Build.0 = Debug|Any CPU
		{D61AFF80-C53D-4ED7-8120-397DB6F4B870}.Debug|x86.ActiveCfg = Debug|Any CPU
		{D61AFF80-C53D-4ED7-8120-397DB6F4B870}.Debug|x86.Build.0 = Debug|Any CPU
		{D61AFF80-C53D-4ED7-8120-397DB6F4B870}.Release|Any CPU.ActiveCfg = Release|Any CPU
		{D61AFF80-C53D-4ED7-8120-397DB6F4B870}.Release|Any CPU.Build.0 = Release|Any CPU
		{D61AFF80-C53D-4ED7-8120-397DB6F4B870}.Release|x86.ActiveCfg = Release|Any CPU
		{D61AFF80-C53D-4ED7-8120-397DB6F4B870}.Release|x86.Build.0 = Release|Any CPU
	EndGlobalSection
	GlobalSection(SolutionProperties) = preSolution
		HideSolutionNode = FALSE
	EndGlobalSection
	GlobalSection(ExtensibilityGlobals) = postSolution
		SolutionGuid = {269A05DA-773A-4E57-8EB4-C5374109011E}
	EndGlobalSection
EndGlobal
